// !$*UTF8*$!
{
	archiveVersion = 1;
	classes = {
	};
	objectVersion = 56;
	objects = {

/* Begin PBXBuildFile section */
		B82423F92BBB69C800092DF7 /* GlitchedText.swift in Sources */ = {isa = PBXBuildFile; fileRef = B82423E92BBB69C800092DF7 /* GlitchedText.swift */; };
		B82423FA2BBB69C800092DF7 /* GlitchedTextEffect.swift in Sources */ = {isa = PBXBuildFile; fileRef = B82423EA2BBB69C800092DF7 /* GlitchedTextEffect.swift */; };
		B82423FB2BBB69C800092DF7 /* RedactedGrid.swift in Sources */ = {isa = PBXBuildFile; fileRef = B82423EC2BBB69C800092DF7 /* RedactedGrid.swift */; };
		B82423FC2BBB69C800092DF7 /* RedactedText.swift in Sources */ = {isa = PBXBuildFile; fileRef = B82423ED2BBB69C800092DF7 /* RedactedText.swift */; };
		B82423FD2BBB69C800092DF7 /* DancingDots.swift in Sources */ = {isa = PBXBuildFile; fileRef = B82423EF2BBB69C800092DF7 /* DancingDots.swift */; };
		B82423FE2BBB69C800092DF7 /* EruptEffect.swift in Sources */ = {isa = PBXBuildFile; fileRef = B82423F02BBB69C800092DF7 /* EruptEffect.swift */; };
		B82423FF2BBB69C800092DF7 /* ImpossibleText.swift in Sources */ = {isa = PBXBuildFile; fileRef = B82423F12BBB69C800092DF7 /* ImpossibleText.swift */; };
		B82424002BBB69C800092DF7 /* RainbowGridView.swift in Sources */ = {isa = PBXBuildFile; fileRef = B82423F22BBB69C800092DF7 /* RainbowGridView.swift */; };
		B82424012BBB69C800092DF7 /* RollinRainbow.swift in Sources */ = {isa = PBXBuildFile; fileRef = B82423F32BBB69C800092DF7 /* RollinRainbow.swift */; };
		B82424022BBB69C800092DF7 /* WelcomeBackgroundView.swift in Sources */ = {isa = PBXBuildFile; fileRef = B82423F42BBB69C800092DF7 /* WelcomeBackgroundView.swift */; };
		B82424042BBB69C800092DF7 /* WelcomeIntroView.swift in Sources */ = {isa = PBXBuildFile; fileRef = B82423F72BBB69C800092DF7 /* WelcomeIntroView.swift */; };
		B82424082BBB6BCF00092DF7 /* CoreHapticsManager.swift in Sources */ = {isa = PBXBuildFile; fileRef = B82424072BBB6BCF00092DF7 /* CoreHapticsManager.swift */; };
		B824240A2BBB6BE600092DF7 /* MotionManager.swift in Sources */ = {isa = PBXBuildFile; fileRef = B82424092BBB6BE600092DF7 /* MotionManager.swift */; };
		B824240F2BBBB92D00092DF7 /* AlbumDetailView.swift in Sources */ = {isa = PBXBuildFile; fileRef = B824240E2BBBB92D00092DF7 /* AlbumDetailView.swift */; };
		B87E4E072BBA498C00B03BF9 /* MusicItemCollectionDetailModifier.swift in Sources */ = {isa = PBXBuildFile; fileRef = B87E4E062BBA498C00B03BF9 /* MusicItemCollectionDetailModifier.swift */; };
		B8B32C5D2BB9FC1B005587DC /* IoApp.swift in Sources */ = {isa = PBXBuildFile; fileRef = B8B32C5C2BB9FC1B005587DC /* IoApp.swift */; };
		B8B32C5F2BB9FC1B005587DC /* ContentView.swift in Sources */ = {isa = PBXBuildFile; fileRef = B8B32C5E2BB9FC1B005587DC /* ContentView.swift */; };
		B8B32C612BB9FC1C005587DC /* Assets.xcassets in Resources */ = {isa = PBXBuildFile; fileRef = B8B32C602BB9FC1C005587DC /* Assets.xcassets */; };
		B8B32C652BB9FC1C005587DC /* Preview Assets.xcassets in Resources */ = {isa = PBXBuildFile; fileRef = B8B32C642BB9FC1C005587DC /* Preview Assets.xcassets */; };
		B8B32C6C2BB9FC5F005587DC /* WelcomeView.swift in Sources */ = {isa = PBXBuildFile; fileRef = B8B32C6B2BB9FC5F005587DC /* WelcomeView.swift */; };
		B8B32C772BB9FCCC005587DC /* AppScreen.swift in Sources */ = {isa = PBXBuildFile; fileRef = B8B32C732BB9FCCC005587DC /* AppScreen.swift */; };
		B8B32C782BB9FCCC005587DC /* AppDetailColumn.swift in Sources */ = {isa = PBXBuildFile; fileRef = B8B32C742BB9FCCC005587DC /* AppDetailColumn.swift */; };
		B8B32C792BB9FCCC005587DC /* AppSidebar.swift in Sources */ = {isa = PBXBuildFile; fileRef = B8B32C752BB9FCCC005587DC /* AppSidebar.swift */; };
		B8B32C7A2BB9FCCC005587DC /* Navigator.swift in Sources */ = {isa = PBXBuildFile; fileRef = B8B32C762BB9FCCC005587DC /* Navigator.swift */; };
		B8B32C7E2BB9FCFE005587DC /* MusicItemCell.swift in Sources */ = {isa = PBXBuildFile; fileRef = B8B32C7B2BB9FCFE005587DC /* MusicItemCell.swift */; };
		B8B32C7F2BB9FCFE005587DC /* CollectionHeader.swift in Sources */ = {isa = PBXBuildFile; fileRef = B8B32C7C2BB9FCFE005587DC /* CollectionHeader.swift */; };
		B8B32C802BB9FCFE005587DC /* SubscriptionOfferableView.swift in Sources */ = {isa = PBXBuildFile; fileRef = B8B32C7D2BB9FCFE005587DC /* SubscriptionOfferableView.swift */; };
		B8B32C822BB9FD23005587DC /* MusicLibraryManager.swift in Sources */ = {isa = PBXBuildFile; fileRef = B8B32C812BB9FD23005587DC /* MusicLibraryManager.swift */; };
		B8B32C842BB9FD3C005587DC /* SearchNavigationStack.swift in Sources */ = {isa = PBXBuildFile; fileRef = B8B32C832BB9FD3C005587DC /* SearchNavigationStack.swift */; };
		B8B32C862BB9FD47005587DC /* BrowseNavigationStack.swift in Sources */ = {isa = PBXBuildFile; fileRef = B8B32C852BB9FD47005587DC /* BrowseNavigationStack.swift */; };
		B8B32C892BB9FD8B005587DC /* PlaylistRow.swift in Sources */ = {isa = PBXBuildFile; fileRef = B8B32C882BB9FD8B005587DC /* PlaylistRow.swift */; };
		B8B32C8C2BB9FDCF005587DC /* PlaylistDetailView.swift in Sources */ = {isa = PBXBuildFile; fileRef = B8B32C8B2BB9FDCF005587DC /* PlaylistDetailView.swift */; };
		B8B32C8E2BB9FE1A005587DC /* AppTabView.swift in Sources */ = {isa = PBXBuildFile; fileRef = B8B32C8D2BB9FE1A005587DC /* AppTabView.swift */; };
		B8B32C912BB9FF57005587DC /* Extensions.swift in Sources */ = {isa = PBXBuildFile; fileRef = B8B32C902BB9FF57005587DC /* Extensions.swift */; };
		B8B32C932BBA00B0005587DC /* LibraryNavigationStack.swift in Sources */ = {isa = PBXBuildFile; fileRef = B8B32C922BBA00B0005587DC /* LibraryNavigationStack.swift */; };
		B8B32C952BBA01BB005587DC /* PlayerView.swift in Sources */ = {isa = PBXBuildFile; fileRef = B8B32C942BBA01BB005587DC /* PlayerView.swift */; };
		B8B32C972BBA054F005587DC /* BrowseModel.swift in Sources */ = {isa = PBXBuildFile; fileRef = B8B32C962BBA054F005587DC /* BrowseModel.swift */; };
		B8B32C992BBA083E005587DC /* MediumMusicItemCell.swift in Sources */ = {isa = PBXBuildFile; fileRef = B8B32C982BBA083E005587DC /* MediumMusicItemCell.swift */; };
		B8B32C9B2BBA0B2E005587DC /* MusicItemCollectionHScrollView.swift in Sources */ = {isa = PBXBuildFile; fileRef = B8B32C9A2BBA0B2E005587DC /* MusicItemCollectionHScrollView.swift */; };
		B8B32C9D2BBA0E34005587DC /* TrackListView.swift in Sources */ = {isa = PBXBuildFile; fileRef = B8B32C9C2BBA0E34005587DC /* TrackListView.swift */; };
		B8B32C9F2BBA0FD4005587DC /* TrackRowView.swift in Sources */ = {isa = PBXBuildFile; fileRef = B8B32C9E2BBA0FD4005587DC /* TrackRowView.swift */; };
		B8B32CA22BBA154D005587DC /* CollectionPlayButton.swift in Sources */ = {isa = PBXBuildFile; fileRef = B8B32CA12BBA154D005587DC /* CollectionPlayButton.swift */; };
		B8B32CA42BBA159A005587DC /* ProminentButtonStyle.swift in Sources */ = {isa = PBXBuildFile; fileRef = B8B32CA32BBA159A005587DC /* ProminentButtonStyle.swift */; };
		B8B32CA72BBA1817005587DC /* BrowseHScrollCardView.swift in Sources */ = {isa = PBXBuildFile; fileRef = B8B32CA62BBA1817005587DC /* BrowseHScrollCardView.swift */; };
/* End PBXBuildFile section */

/* Begin PBXFileReference section */
		B82423E92BBB69C800092DF7 /* GlitchedText.swift */ = {isa = PBXFileReference; fileEncoding = 4; lastKnownFileType = sourcecode.swift; path = GlitchedText.swift; sourceTree = "<group>"; };
		B82423EA2BBB69C800092DF7 /* GlitchedTextEffect.swift */ = {isa = PBXFileReference; fileEncoding = 4; lastKnownFileType = sourcecode.swift; path = GlitchedTextEffect.swift; sourceTree = "<group>"; };
		B82423EC2BBB69C800092DF7 /* RedactedGrid.swift */ = {isa = PBXFileReference; fileEncoding = 4; lastKnownFileType = sourcecode.swift; path = RedactedGrid.swift; sourceTree = "<group>"; };
		B82423ED2BBB69C800092DF7 /* RedactedText.swift */ = {isa = PBXFileReference; fileEncoding = 4; lastKnownFileType = sourcecode.swift; path = RedactedText.swift; sourceTree = "<group>"; };
		B82423EF2BBB69C800092DF7 /* DancingDots.swift */ = {isa = PBXFileReference; fileEncoding = 4; lastKnownFileType = sourcecode.swift; path = DancingDots.swift; sourceTree = "<group>"; };
		B82423F02BBB69C800092DF7 /* EruptEffect.swift */ = {isa = PBXFileReference; fileEncoding = 4; lastKnownFileType = sourcecode.swift; path = EruptEffect.swift; sourceTree = "<group>"; };
		B82423F12BBB69C800092DF7 /* ImpossibleText.swift */ = {isa = PBXFileReference; fileEncoding = 4; lastKnownFileType = sourcecode.swift; path = ImpossibleText.swift; sourceTree = "<group>"; };
		B82423F22BBB69C800092DF7 /* RainbowGridView.swift */ = {isa = PBXFileReference; fileEncoding = 4; lastKnownFileType = sourcecode.swift; path = RainbowGridView.swift; sourceTree = "<group>"; };
		B82423F32BBB69C800092DF7 /* RollinRainbow.swift */ = {isa = PBXFileReference; fileEncoding = 4; lastKnownFileType = sourcecode.swift; path = RollinRainbow.swift; sourceTree = "<group>"; };
		B82423F42BBB69C800092DF7 /* WelcomeBackgroundView.swift */ = {isa = PBXFileReference; fileEncoding = 4; lastKnownFileType = sourcecode.swift; path = WelcomeBackgroundView.swift; sourceTree = "<group>"; };
		B82423F72BBB69C800092DF7 /* WelcomeIntroView.swift */ = {isa = PBXFileReference; fileEncoding = 4; lastKnownFileType = sourcecode.swift; path = WelcomeIntroView.swift; sourceTree = "<group>"; };
		B82424072BBB6BCF00092DF7 /* CoreHapticsManager.swift */ = {isa = PBXFileReference; lastKnownFileType = sourcecode.swift; path = CoreHapticsManager.swift; sourceTree = "<group>"; };
		B82424092BBB6BE600092DF7 /* MotionManager.swift */ = {isa = PBXFileReference; lastKnownFileType = sourcecode.swift; path = MotionManager.swift; sourceTree = "<group>"; };
		B824240E2BBBB92D00092DF7 /* AlbumDetailView.swift */ = {isa = PBXFileReference; lastKnownFileType = sourcecode.swift; path = AlbumDetailView.swift; sourceTree = "<group>"; };
		B87E4E062BBA498C00B03BF9 /* MusicItemCollectionDetailModifier.swift */ = {isa = PBXFileReference; lastKnownFileType = sourcecode.swift; path = MusicItemCollectionDetailModifier.swift; sourceTree = "<group>"; };
		B8B32C592BB9FC1B005587DC /* Io.app */ = {isa = PBXFileReference; explicitFileType = wrapper.application; includeInIndex = 0; path = Io.app; sourceTree = BUILT_PRODUCTS_DIR; };
		B8B32C5C2BB9FC1B005587DC /* IoApp.swift */ = {isa = PBXFileReference; lastKnownFileType = sourcecode.swift; path = IoApp.swift; sourceTree = "<group>"; };
		B8B32C5E2BB9FC1B005587DC /* ContentView.swift */ = {isa = PBXFileReference; lastKnownFileType = sourcecode.swift; path = ContentView.swift; sourceTree = "<group>"; };
		B8B32C602BB9FC1C005587DC /* Assets.xcassets */ = {isa = PBXFileReference; lastKnownFileType = folder.assetcatalog; path = Assets.xcassets; sourceTree = "<group>"; };
		B8B32C622BB9FC1C005587DC /* Io.entitlements */ = {isa = PBXFileReference; lastKnownFileType = text.plist.entitlements; path = Io.entitlements; sourceTree = "<group>"; };
		B8B32C642BB9FC1C005587DC /* Preview Assets.xcassets */ = {isa = PBXFileReference; lastKnownFileType = folder.assetcatalog; path = "Preview Assets.xcassets"; sourceTree = "<group>"; };
		B8B32C6B2BB9FC5F005587DC /* WelcomeView.swift */ = {isa = PBXFileReference; lastKnownFileType = sourcecode.swift; path = WelcomeView.swift; sourceTree = "<group>"; };
		B8B32C732BB9FCCC005587DC /* AppScreen.swift */ = {isa = PBXFileReference; fileEncoding = 4; lastKnownFileType = sourcecode.swift; path = AppScreen.swift; sourceTree = "<group>"; };
		B8B32C742BB9FCCC005587DC /* AppDetailColumn.swift */ = {isa = PBXFileReference; fileEncoding = 4; lastKnownFileType = sourcecode.swift; path = AppDetailColumn.swift; sourceTree = "<group>"; };
		B8B32C752BB9FCCC005587DC /* AppSidebar.swift */ = {isa = PBXFileReference; fileEncoding = 4; lastKnownFileType = sourcecode.swift; path = AppSidebar.swift; sourceTree = "<group>"; };
		B8B32C762BB9FCCC005587DC /* Navigator.swift */ = {isa = PBXFileReference; fileEncoding = 4; lastKnownFileType = sourcecode.swift; path = Navigator.swift; sourceTree = "<group>"; };
		B8B32C7B2BB9FCFE005587DC /* MusicItemCell.swift */ = {isa = PBXFileReference; fileEncoding = 4; lastKnownFileType = sourcecode.swift; name = MusicItemCell.swift; path = Io/Components/MusicItemCell.swift; sourceTree = SOURCE_ROOT; };
		B8B32C7C2BB9FCFE005587DC /* CollectionHeader.swift */ = {isa = PBXFileReference; fileEncoding = 4; lastKnownFileType = sourcecode.swift; name = CollectionHeader.swift; path = Io/Components/MusicItemCollections/CollectionHeader.swift; sourceTree = SOURCE_ROOT; };
		B8B32C7D2BB9FCFE005587DC /* SubscriptionOfferableView.swift */ = {isa = PBXFileReference; fileEncoding = 4; lastKnownFileType = sourcecode.swift; name = SubscriptionOfferableView.swift; path = Io/Components/MusicHelpers/SubscriptionOfferableView.swift; sourceTree = SOURCE_ROOT; };
		B8B32C812BB9FD23005587DC /* MusicLibraryManager.swift */ = {isa = PBXFileReference; fileEncoding = 4; lastKnownFileType = sourcecode.swift; path = MusicLibraryManager.swift; sourceTree = "<group>"; };
		B8B32C832BB9FD3C005587DC /* SearchNavigationStack.swift */ = {isa = PBXFileReference; lastKnownFileType = sourcecode.swift; path = SearchNavigationStack.swift; sourceTree = "<group>"; };
		B8B32C852BB9FD47005587DC /* BrowseNavigationStack.swift */ = {isa = PBXFileReference; lastKnownFileType = sourcecode.swift; path = BrowseNavigationStack.swift; sourceTree = "<group>"; };
		B8B32C882BB9FD8B005587DC /* PlaylistRow.swift */ = {isa = PBXFileReference; lastKnownFileType = sourcecode.swift; path = PlaylistRow.swift; sourceTree = "<group>"; };
		B8B32C8B2BB9FDCF005587DC /* PlaylistDetailView.swift */ = {isa = PBXFileReference; lastKnownFileType = sourcecode.swift; path = PlaylistDetailView.swift; sourceTree = "<group>"; };
		B8B32C8D2BB9FE1A005587DC /* AppTabView.swift */ = {isa = PBXFileReference; lastKnownFileType = sourcecode.swift; path = AppTabView.swift; sourceTree = "<group>"; };
		B8B32C902BB9FF57005587DC /* Extensions.swift */ = {isa = PBXFileReference; lastKnownFileType = sourcecode.swift; path = Extensions.swift; sourceTree = "<group>"; };
		B8B32C922BBA00B0005587DC /* LibraryNavigationStack.swift */ = {isa = PBXFileReference; lastKnownFileType = sourcecode.swift; path = LibraryNavigationStack.swift; sourceTree = "<group>"; };
		B8B32C942BBA01BB005587DC /* PlayerView.swift */ = {isa = PBXFileReference; lastKnownFileType = sourcecode.swift; path = PlayerView.swift; sourceTree = "<group>"; };
		B8B32C962BBA054F005587DC /* BrowseModel.swift */ = {isa = PBXFileReference; lastKnownFileType = sourcecode.swift; path = BrowseModel.swift; sourceTree = "<group>"; };
		B8B32C982BBA083E005587DC /* MediumMusicItemCell.swift */ = {isa = PBXFileReference; lastKnownFileType = sourcecode.swift; path = MediumMusicItemCell.swift; sourceTree = "<group>"; };
		B8B32C9A2BBA0B2E005587DC /* MusicItemCollectionHScrollView.swift */ = {isa = PBXFileReference; lastKnownFileType = sourcecode.swift; path = MusicItemCollectionHScrollView.swift; sourceTree = "<group>"; };
		B8B32C9C2BBA0E34005587DC /* TrackListView.swift */ = {isa = PBXFileReference; lastKnownFileType = sourcecode.swift; path = TrackListView.swift; sourceTree = "<group>"; };
		B8B32C9E2BBA0FD4005587DC /* TrackRowView.swift */ = {isa = PBXFileReference; lastKnownFileType = sourcecode.swift; path = TrackRowView.swift; sourceTree = "<group>"; };
		B8B32CA12BBA154D005587DC /* CollectionPlayButton.swift */ = {isa = PBXFileReference; lastKnownFileType = sourcecode.swift; path = CollectionPlayButton.swift; sourceTree = "<group>"; };
		B8B32CA32BBA159A005587DC /* ProminentButtonStyle.swift */ = {isa = PBXFileReference; lastKnownFileType = sourcecode.swift; path = ProminentButtonStyle.swift; sourceTree = "<group>"; };
		B8B32CA62BBA1817005587DC /* BrowseHScrollCardView.swift */ = {isa = PBXFileReference; lastKnownFileType = sourcecode.swift; path = BrowseHScrollCardView.swift; sourceTree = "<group>"; };
/* End PBXFileReference section */

/* Begin PBXFrameworksBuildPhase section */
		B8B32C562BB9FC1B005587DC /* Frameworks */ = {
			isa = PBXFrameworksBuildPhase;
			buildActionMask = 2147483647;
			files = (
			);
			runOnlyForDeploymentPostprocessing = 0;
		};
/* End PBXFrameworksBuildPhase section */

/* Begin PBXGroup section */
		B82423EB2BBB69C800092DF7 /* Glitch */ = {
			isa = PBXGroup;
			children = (
				B82423E92BBB69C800092DF7 /* GlitchedText.swift */,
				B82423EA2BBB69C800092DF7 /* GlitchedTextEffect.swift */,
			);
			path = Glitch;
			sourceTree = "<group>";
		};
		B82423EE2BBB69C800092DF7 /* Redacted */ = {
			isa = PBXGroup;
			children = (
				B82423EC2BBB69C800092DF7 /* RedactedGrid.swift */,
				B82423ED2BBB69C800092DF7 /* RedactedText.swift */,
			);
			path = Redacted;
			sourceTree = "<group>";
		};
		B82423F52BBB69C800092DF7 /* BackgroundEffects */ = {
			isa = PBXGroup;
			children = (
				B82423EB2BBB69C800092DF7 /* Glitch */,
				B82423EE2BBB69C800092DF7 /* Redacted */,
				B82423EF2BBB69C800092DF7 /* DancingDots.swift */,
				B82423F02BBB69C800092DF7 /* EruptEffect.swift */,
				B82423F12BBB69C800092DF7 /* ImpossibleText.swift */,
				B82423F22BBB69C800092DF7 /* RainbowGridView.swift */,
				B82423F32BBB69C800092DF7 /* RollinRainbow.swift */,
				B82423F42BBB69C800092DF7 /* WelcomeBackgroundView.swift */,
			);
			path = BackgroundEffects;
			sourceTree = "<group>";
		};
		B82423F82BBB69C800092DF7 /* Welcome */ = {
			isa = PBXGroup;
			children = (
				B82423F52BBB69C800092DF7 /* BackgroundEffects */,
				B82423F72BBB69C800092DF7 /* WelcomeIntroView.swift */,
				B8B32C6B2BB9FC5F005587DC /* WelcomeView.swift */,
			);
			path = Welcome;
			sourceTree = "<group>";
		};
		B824240B2BBBAA8700092DF7 /* Album */ = {
			isa = PBXGroup;
			children = (
				B824240E2BBBB92D00092DF7 /* AlbumDetailView.swift */,
			);
			path = Album;
			sourceTree = "<group>";
		};
		B87E4E052BBA495A00B03BF9 /* MusicHelpers */ = {
			isa = PBXGroup;
			children = (
				B8B32C7D2BB9FCFE005587DC /* SubscriptionOfferableView.swift */,
				B87E4E062BBA498C00B03BF9 /* MusicItemCollectionDetailModifier.swift */,
			);
			path = MusicHelpers;
			sourceTree = "<group>";
		};
		B8B32C502BB9FC1B005587DC = {
			isa = PBXGroup;
			children = (
				B8B32C5B2BB9FC1B005587DC /* Io */,
				B8B32C5A2BB9FC1B005587DC /* Products */,
			);
			sourceTree = "<group>";
		};
		B8B32C5A2BB9FC1B005587DC /* Products */ = {
			isa = PBXGroup;
			children = (
				B8B32C592BB9FC1B005587DC /* Io.app */,
			);
			name = Products;
			sourceTree = "<group>";
		};
		B8B32C5B2BB9FC1B005587DC /* Io */ = {
			isa = PBXGroup;
			children = (
				B8B32C602BB9FC1C005587DC /* Assets.xcassets */,
				B8B32C622BB9FC1C005587DC /* Io.entitlements */,
				B8B32C632BB9FC1C005587DC /* Preview Content */,
				B8B32C5C2BB9FC1B005587DC /* IoApp.swift */,
				B8B32C5E2BB9FC1B005587DC /* ContentView.swift */,
				B82423F82BBB69C800092DF7 /* Welcome */,
				B8B32C6D2BB9FC61005587DC /* Navigation */,
				B8B32C702BB9FC71005587DC /* Library */,
				B8B32C6F2BB9FC6D005587DC /* Search */,
				B8B32C6E2BB9FC65005587DC /* Browse */,
				B8B32C722BB9FC78005587DC /* Player */,
				B824240B2BBBAA8700092DF7 /* Album */,
				B8B32C8A2BB9FDC6005587DC /* Playlist */,
				B8B32C8F2BB9FF52005587DC /* General */,
				B8B32C712BB9FC74005587DC /* Components */,
			);
			path = Io;
			sourceTree = "<group>";
		};
		B8B32C632BB9FC1C005587DC /* Preview Content */ = {
			isa = PBXGroup;
			children = (
				B8B32C642BB9FC1C005587DC /* Preview Assets.xcassets */,
			);
			path = "Preview Content";
			sourceTree = "<group>";
		};
		B8B32C6D2BB9FC61005587DC /* Navigation */ = {
			isa = PBXGroup;
			children = (
				B8B32C742BB9FCCC005587DC /* AppDetailColumn.swift */,
				B8B32C732BB9FCCC005587DC /* AppScreen.swift */,
				B8B32C752BB9FCCC005587DC /* AppSidebar.swift */,
				B8B32C762BB9FCCC005587DC /* Navigator.swift */,
				B8B32C8D2BB9FE1A005587DC /* AppTabView.swift */,
			);
			path = Navigation;
			sourceTree = "<group>";
		};
		B8B32C6E2BB9FC65005587DC /* Browse */ = {
			isa = PBXGroup;
			children = (
				B8B32C962BBA054F005587DC /* BrowseModel.swift */,
				B8B32C852BB9FD47005587DC /* BrowseNavigationStack.swift */,
				B8B32CA52BBA17EC005587DC /* HScrollCards */,
			);
			path = Browse;
			sourceTree = "<group>";
		};
		B8B32C6F2BB9FC6D005587DC /* Search */ = {
			isa = PBXGroup;
			children = (
				B8B32C832BB9FD3C005587DC /* SearchNavigationStack.swift */,
			);
			path = Search;
			sourceTree = "<group>";
		};
		B8B32C702BB9FC71005587DC /* Library */ = {
			isa = PBXGroup;
			children = (
				B8B32C812BB9FD23005587DC /* MusicLibraryManager.swift */,
				B8B32C922BBA00B0005587DC /* LibraryNavigationStack.swift */,
			);
			path = Library;
			sourceTree = "<group>";
		};
		B8B32C712BB9FC74005587DC /* Components */ = {
			isa = PBXGroup;
			children = (
				B87E4E052BBA495A00B03BF9 /* MusicHelpers */,
				B8B32CA02BBA0FDC005587DC /* MusicItemCollections */,
				B8B32CA32BBA159A005587DC /* ProminentButtonStyle.swift */,
				B8B32C7B2BB9FCFE005587DC /* MusicItemCell.swift */,
				B8B32C982BBA083E005587DC /* MediumMusicItemCell.swift */,
				B8B32C9A2BBA0B2E005587DC /* MusicItemCollectionHScrollView.swift */,
			);
			path = Components;
			sourceTree = "<group>";
		};
		B8B32C722BB9FC78005587DC /* Player */ = {
			isa = PBXGroup;
			children = (
				B8B32C942BBA01BB005587DC /* PlayerView.swift */,
			);
			path = Player;
			sourceTree = "<group>";
		};
		B8B32C8A2BB9FDC6005587DC /* Playlist */ = {
			isa = PBXGroup;
			children = (
				B8B32C8B2BB9FDCF005587DC /* PlaylistDetailView.swift */,
				B8B32C882BB9FD8B005587DC /* PlaylistRow.swift */,
			);
			path = Playlist;
			sourceTree = "<group>";
		};
		B8B32C8F2BB9FF52005587DC /* General */ = {
			isa = PBXGroup;
			children = (
				B8B32C902BB9FF57005587DC /* Extensions.swift */,
				B82424072BBB6BCF00092DF7 /* CoreHapticsManager.swift */,
				B82424092BBB6BE600092DF7 /* MotionManager.swift */,
			);
			path = General;
			sourceTree = "<group>";
		};
		B8B32CA02BBA0FDC005587DC /* MusicItemCollections */ = {
			isa = PBXGroup;
			children = (
				B8B32C7C2BB9FCFE005587DC /* CollectionHeader.swift */,
				B8B32C9C2BBA0E34005587DC /* TrackListView.swift */,
				B8B32C9E2BBA0FD4005587DC /* TrackRowView.swift */,
				B8B32CA12BBA154D005587DC /* CollectionPlayButton.swift */,
			);
			path = MusicItemCollections;
			sourceTree = "<group>";
		};
		B8B32CA52BBA17EC005587DC /* HScrollCards */ = {
			isa = PBXGroup;
			children = (
				B8B32CA62BBA1817005587DC /* BrowseHScrollCardView.swift */,
			);
			path = HScrollCards;
			sourceTree = "<group>";
		};
/* End PBXGroup section */

/* Begin PBXNativeTarget section */
		B8B32C582BB9FC1B005587DC /* Io */ = {
			isa = PBXNativeTarget;
			buildConfigurationList = B8B32C682BB9FC1C005587DC /* Build configuration list for PBXNativeTarget "Io" */;
			buildPhases = (
				B8B32C552BB9FC1B005587DC /* Sources */,
				B8B32C562BB9FC1B005587DC /* Frameworks */,
				B8B32C572BB9FC1B005587DC /* Resources */,
			);
			buildRules = (
			);
			dependencies = (
			);
			name = Io;
			productName = Io;
			productReference = B8B32C592BB9FC1B005587DC /* Io.app */;
			productType = "com.apple.product-type.application";
		};
/* End PBXNativeTarget section */

/* Begin PBXProject section */
		B8B32C512BB9FC1B005587DC /* Project object */ = {
			isa = PBXProject;
			attributes = {
				BuildIndependentTargetsInParallel = 1;
				LastSwiftUpdateCheck = 1530;
				LastUpgradeCheck = 1530;
				TargetAttributes = {
					B8B32C582BB9FC1B005587DC = {
						CreatedOnToolsVersion = 15.3;
					};
				};
			};
			buildConfigurationList = B8B32C542BB9FC1B005587DC /* Build configuration list for PBXProject "Io" */;
			compatibilityVersion = "Xcode 14.0";
			developmentRegion = en;
			hasScannedForEncodings = 0;
			knownRegions = (
				en,
				Base,
			);
			mainGroup = B8B32C502BB9FC1B005587DC;
			productRefGroup = B8B32C5A2BB9FC1B005587DC /* Products */;
			projectDirPath = "";
			projectRoot = "";
			targets = (
				B8B32C582BB9FC1B005587DC /* Io */,
			);
		};
/* End PBXProject section */

/* Begin PBXResourcesBuildPhase section */
		B8B32C572BB9FC1B005587DC /* Resources */ = {
			isa = PBXResourcesBuildPhase;
			buildActionMask = 2147483647;
			files = (
				B8B32C652BB9FC1C005587DC /* Preview Assets.xcassets in Resources */,
				B8B32C612BB9FC1C005587DC /* Assets.xcassets in Resources */,
			);
			runOnlyForDeploymentPostprocessing = 0;
		};
/* End PBXResourcesBuildPhase section */

/* Begin PBXSourcesBuildPhase section */
		B8B32C552BB9FC1B005587DC /* Sources */ = {
			isa = PBXSourcesBuildPhase;
			buildActionMask = 2147483647;
			files = (
				B8B32CA42BBA159A005587DC /* ProminentButtonStyle.swift in Sources */,
				B8B32C892BB9FD8B005587DC /* PlaylistRow.swift in Sources */,
				B8B32CA22BBA154D005587DC /* CollectionPlayButton.swift in Sources */,
				B8B32C7A2BB9FCCC005587DC /* Navigator.swift in Sources */,
				B82424012BBB69C800092DF7 /* RollinRainbow.swift in Sources */,
				B87E4E072BBA498C00B03BF9 /* MusicItemCollectionDetailModifier.swift in Sources */,
				B8B32C782BB9FCCC005587DC /* AppDetailColumn.swift in Sources */,
				B82423F92BBB69C800092DF7 /* GlitchedText.swift in Sources */,
				B8B32CA72BBA1817005587DC /* BrowseHScrollCardView.swift in Sources */,
				B8B32C5F2BB9FC1B005587DC /* ContentView.swift in Sources */,
				B82423FA2BBB69C800092DF7 /* GlitchedTextEffect.swift in Sources */,
				B8B32C9D2BBA0E34005587DC /* TrackListView.swift in Sources */,
				B82424002BBB69C800092DF7 /* RainbowGridView.swift in Sources */,
				B82424022BBB69C800092DF7 /* WelcomeBackgroundView.swift in Sources */,
				B82423FE2BBB69C800092DF7 /* EruptEffect.swift in Sources */,
				B82423FB2BBB69C800092DF7 /* RedactedGrid.swift in Sources */,
				B8B32C7F2BB9FCFE005587DC /* CollectionHeader.swift in Sources */,
				B8B32C792BB9FCCC005587DC /* AppSidebar.swift in Sources */,
				B82423FC2BBB69C800092DF7 /* RedactedText.swift in Sources */,
				B824240F2BBBB92D00092DF7 /* AlbumDetailView.swift in Sources */,
				B82424082BBB6BCF00092DF7 /* CoreHapticsManager.swift in Sources */,
				B8B32C6C2BB9FC5F005587DC /* WelcomeView.swift in Sources */,
				B8B32C9B2BBA0B2E005587DC /* MusicItemCollectionHScrollView.swift in Sources */,
				B8B32C802BB9FCFE005587DC /* SubscriptionOfferableView.swift in Sources */,
				B8B32C5D2BB9FC1B005587DC /* IoApp.swift in Sources */,
				B8B32C862BB9FD47005587DC /* BrowseNavigationStack.swift in Sources */,
				B8B32C7E2BB9FCFE005587DC /* MusicItemCell.swift in Sources */,
				B8B32C822BB9FD23005587DC /* MusicLibraryManager.swift in Sources */,
				B8B32C8C2BB9FDCF005587DC /* PlaylistDetailView.swift in Sources */,
				B8B32C842BB9FD3C005587DC /* SearchNavigationStack.swift in Sources */,
				B8B32C932BBA00B0005587DC /* LibraryNavigationStack.swift in Sources */,
				B82423FD2BBB69C800092DF7 /* DancingDots.swift in Sources */,
				B8B32C912BB9FF57005587DC /* Extensions.swift in Sources */,
				B8B32C8E2BB9FE1A005587DC /* AppTabView.swift in Sources */,
				B8B32C952BBA01BB005587DC /* PlayerView.swift in Sources */,
				B824240A2BBB6BE600092DF7 /* MotionManager.swift in Sources */,
				B8B32C992BBA083E005587DC /* MediumMusicItemCell.swift in Sources */,
				B82424042BBB69C800092DF7 /* WelcomeIntroView.swift in Sources */,
				B8B32C9F2BBA0FD4005587DC /* TrackRowView.swift in Sources */,
				B82423FF2BBB69C800092DF7 /* ImpossibleText.swift in Sources */,
				B8B32C772BB9FCCC005587DC /* AppScreen.swift in Sources */,
				B8B32C972BBA054F005587DC /* BrowseModel.swift in Sources */,
			);
			runOnlyForDeploymentPostprocessing = 0;
		};
/* End PBXSourcesBuildPhase section */

/* Begin XCBuildConfiguration section */
		B8B32C662BB9FC1C005587DC /* Debug */ = {
			isa = XCBuildConfiguration;
			buildSettings = {
				ALWAYS_SEARCH_USER_PATHS = NO;
				ASSETCATALOG_COMPILER_GENERATE_SWIFT_ASSET_SYMBOL_EXTENSIONS = YES;
				CLANG_ANALYZER_NONNULL = YES;
				CLANG_ANALYZER_NUMBER_OBJECT_CONVERSION = YES_AGGRESSIVE;
				CLANG_CXX_LANGUAGE_STANDARD = "gnu++20";
				CLANG_ENABLE_MODULES = YES;
				CLANG_ENABLE_OBJC_ARC = YES;
				CLANG_ENABLE_OBJC_WEAK = YES;
				CLANG_WARN_BLOCK_CAPTURE_AUTORELEASING = YES;
				CLANG_WARN_BOOL_CONVERSION = YES;
				CLANG_WARN_COMMA = YES;
				CLANG_WARN_CONSTANT_CONVERSION = YES;
				CLANG_WARN_DEPRECATED_OBJC_IMPLEMENTATIONS = YES;
				CLANG_WARN_DIRECT_OBJC_ISA_USAGE = YES_ERROR;
				CLANG_WARN_DOCUMENTATION_COMMENTS = YES;
				CLANG_WARN_EMPTY_BODY = YES;
				CLANG_WARN_ENUM_CONVERSION = YES;
				CLANG_WARN_INFINITE_RECURSION = YES;
				CLANG_WARN_INT_CONVERSION = YES;
				CLANG_WARN_NON_LITERAL_NULL_CONVERSION = YES;
				CLANG_WARN_OBJC_IMPLICIT_RETAIN_SELF = YES;
				CLANG_WARN_OBJC_LITERAL_CONVERSION = YES;
				CLANG_WARN_OBJC_ROOT_CLASS = YES_ERROR;
				CLANG_WARN_QUOTED_INCLUDE_IN_FRAMEWORK_HEADER = YES;
				CLANG_WARN_RANGE_LOOP_ANALYSIS = YES;
				CLANG_WARN_STRICT_PROTOTYPES = YES;
				CLANG_WARN_SUSPICIOUS_MOVE = YES;
				CLANG_WARN_UNGUARDED_AVAILABILITY = YES_AGGRESSIVE;
				CLANG_WARN_UNREACHABLE_CODE = YES;
				CLANG_WARN__DUPLICATE_METHOD_MATCH = YES;
				COPY_PHASE_STRIP = NO;
				DEBUG_INFORMATION_FORMAT = dwarf;
				ENABLE_STRICT_OBJC_MSGSEND = YES;
				ENABLE_TESTABILITY = YES;
				ENABLE_USER_SCRIPT_SANDBOXING = YES;
				GCC_C_LANGUAGE_STANDARD = gnu17;
				GCC_DYNAMIC_NO_PIC = NO;
				GCC_NO_COMMON_BLOCKS = YES;
				GCC_OPTIMIZATION_LEVEL = 0;
				GCC_PREPROCESSOR_DEFINITIONS = (
					"DEBUG=1",
					"$(inherited)",
				);
				GCC_WARN_64_TO_32_BIT_CONVERSION = YES;
				GCC_WARN_ABOUT_RETURN_TYPE = YES_ERROR;
				GCC_WARN_UNDECLARED_SELECTOR = YES;
				GCC_WARN_UNINITIALIZED_AUTOS = YES_AGGRESSIVE;
				GCC_WARN_UNUSED_FUNCTION = YES;
				GCC_WARN_UNUSED_VARIABLE = YES;
				LOCALIZATION_PREFERS_STRING_CATALOGS = YES;
				MTL_ENABLE_DEBUG_INFO = INCLUDE_SOURCE;
				MTL_FAST_MATH = YES;
				ONLY_ACTIVE_ARCH = YES;
				SWIFT_ACTIVE_COMPILATION_CONDITIONS = "DEBUG $(inherited)";
				SWIFT_OPTIMIZATION_LEVEL = "-Onone";
			};
			name = Debug;
		};
		B8B32C672BB9FC1C005587DC /* Release */ = {
			isa = XCBuildConfiguration;
			buildSettings = {
				ALWAYS_SEARCH_USER_PATHS = NO;
				ASSETCATALOG_COMPILER_GENERATE_SWIFT_ASSET_SYMBOL_EXTENSIONS = YES;
				CLANG_ANALYZER_NONNULL = YES;
				CLANG_ANALYZER_NUMBER_OBJECT_CONVERSION = YES_AGGRESSIVE;
				CLANG_CXX_LANGUAGE_STANDARD = "gnu++20";
				CLANG_ENABLE_MODULES = YES;
				CLANG_ENABLE_OBJC_ARC = YES;
				CLANG_ENABLE_OBJC_WEAK = YES;
				CLANG_WARN_BLOCK_CAPTURE_AUTORELEASING = YES;
				CLANG_WARN_BOOL_CONVERSION = YES;
				CLANG_WARN_COMMA = YES;
				CLANG_WARN_CONSTANT_CONVERSION = YES;
				CLANG_WARN_DEPRECATED_OBJC_IMPLEMENTATIONS = YES;
				CLANG_WARN_DIRECT_OBJC_ISA_USAGE = YES_ERROR;
				CLANG_WARN_DOCUMENTATION_COMMENTS = YES;
				CLANG_WARN_EMPTY_BODY = YES;
				CLANG_WARN_ENUM_CONVERSION = YES;
				CLANG_WARN_INFINITE_RECURSION = YES;
				CLANG_WARN_INT_CONVERSION = YES;
				CLANG_WARN_NON_LITERAL_NULL_CONVERSION = YES;
				CLANG_WARN_OBJC_IMPLICIT_RETAIN_SELF = YES;
				CLANG_WARN_OBJC_LITERAL_CONVERSION = YES;
				CLANG_WARN_OBJC_ROOT_CLASS = YES_ERROR;
				CLANG_WARN_QUOTED_INCLUDE_IN_FRAMEWORK_HEADER = YES;
				CLANG_WARN_RANGE_LOOP_ANALYSIS = YES;
				CLANG_WARN_STRICT_PROTOTYPES = YES;
				CLANG_WARN_SUSPICIOUS_MOVE = YES;
				CLANG_WARN_UNGUARDED_AVAILABILITY = YES_AGGRESSIVE;
				CLANG_WARN_UNREACHABLE_CODE = YES;
				CLANG_WARN__DUPLICATE_METHOD_MATCH = YES;
				COPY_PHASE_STRIP = NO;
				DEBUG_INFORMATION_FORMAT = "dwarf-with-dsym";
				ENABLE_NS_ASSERTIONS = NO;
				ENABLE_STRICT_OBJC_MSGSEND = YES;
				ENABLE_USER_SCRIPT_SANDBOXING = YES;
				GCC_C_LANGUAGE_STANDARD = gnu17;
				GCC_NO_COMMON_BLOCKS = YES;
				GCC_WARN_64_TO_32_BIT_CONVERSION = YES;
				GCC_WARN_ABOUT_RETURN_TYPE = YES_ERROR;
				GCC_WARN_UNDECLARED_SELECTOR = YES;
				GCC_WARN_UNINITIALIZED_AUTOS = YES_AGGRESSIVE;
				GCC_WARN_UNUSED_FUNCTION = YES;
				GCC_WARN_UNUSED_VARIABLE = YES;
				LOCALIZATION_PREFERS_STRING_CATALOGS = YES;
				MTL_ENABLE_DEBUG_INFO = NO;
				MTL_FAST_MATH = YES;
				SWIFT_COMPILATION_MODE = wholemodule;
			};
			name = Release;
		};
		B8B32C692BB9FC1C005587DC /* Debug */ = {
			isa = XCBuildConfiguration;
			buildSettings = {
				ASSETCATALOG_COMPILER_APPICON_NAME = AppIcon;
				ASSETCATALOG_COMPILER_GLOBAL_ACCENT_COLOR_NAME = AccentColor;
				CODE_SIGN_ENTITLEMENTS = Io/Io.entitlements;
				CODE_SIGN_STYLE = Automatic;
				CURRENT_PROJECT_VERSION = 1;
				DEVELOPMENT_ASSET_PATHS = "\"Io/Preview Content\"";
				DEVELOPMENT_TEAM = HV69QD4SV2;
				ENABLE_HARDENED_RUNTIME = YES;
				ENABLE_PREVIEWS = YES;
				GENERATE_INFOPLIST_FILE = YES;
				INFOPLIST_KEY_NSAppleMusicUsageDescription = "Io needs access to Apple Music to help you discover.";
				"INFOPLIST_KEY_UIApplicationSceneManifest_Generation[sdk=iphoneos*]" = YES;
				"INFOPLIST_KEY_UIApplicationSceneManifest_Generation[sdk=iphonesimulator*]" = YES;
				"INFOPLIST_KEY_UIApplicationSupportsIndirectInputEvents[sdk=iphoneos*]" = YES;
				"INFOPLIST_KEY_UIApplicationSupportsIndirectInputEvents[sdk=iphonesimulator*]" = YES;
				"INFOPLIST_KEY_UILaunchScreen_Generation[sdk=iphoneos*]" = YES;
				"INFOPLIST_KEY_UILaunchScreen_Generation[sdk=iphonesimulator*]" = YES;
				"INFOPLIST_KEY_UIStatusBarStyle[sdk=iphoneos*]" = UIStatusBarStyleDefault;
				"INFOPLIST_KEY_UIStatusBarStyle[sdk=iphonesimulator*]" = UIStatusBarStyleDefault;
				INFOPLIST_KEY_UISupportedInterfaceOrientations_iPad = "UIInterfaceOrientationPortrait UIInterfaceOrientationPortraitUpsideDown UIInterfaceOrientationLandscapeLeft UIInterfaceOrientationLandscapeRight";
				INFOPLIST_KEY_UISupportedInterfaceOrientations_iPhone = "UIInterfaceOrientationPortrait UIInterfaceOrientationLandscapeLeft UIInterfaceOrientationLandscapeRight";
				IPHONEOS_DEPLOYMENT_TARGET = 17.4;
				LD_RUNPATH_SEARCH_PATHS = "@executable_path/Frameworks";
				"LD_RUNPATH_SEARCH_PATHS[sdk=macosx*]" = "@executable_path/../Frameworks";
				MACOSX_DEPLOYMENT_TARGET = 14.4;
				MARKETING_VERSION = 1.0;
				PRODUCT_BUNDLE_IDENTIFIER = "Carson-Gross.Io";
				PRODUCT_NAME = "$(TARGET_NAME)";
				SDKROOT = auto;
				SUPPORTED_PLATFORMS = "iphoneos iphonesimulator xros xrsimulator";
				SUPPORTS_MACCATALYST = NO;
				SUPPORTS_MAC_DESIGNED_FOR_IPHONE_IPAD = NO;
				SWIFT_EMIT_LOC_STRINGS = YES;
				SWIFT_VERSION = 5.0;
				TARGETED_DEVICE_FAMILY = "1,2,7";
			};
			name = Debug;
		};
		B8B32C6A2BB9FC1C005587DC /* Release */ = {
			isa = XCBuildConfiguration;
			buildSettings = {
				ASSETCATALOG_COMPILER_APPICON_NAME = AppIcon;
				ASSETCATALOG_COMPILER_GLOBAL_ACCENT_COLOR_NAME = AccentColor;
				CODE_SIGN_ENTITLEMENTS = Io/Io.entitlements;
				CODE_SIGN_STYLE = Automatic;
				CURRENT_PROJECT_VERSION = 1;
				DEVELOPMENT_ASSET_PATHS = "\"Io/Preview Content\"";
				DEVELOPMENT_TEAM = HV69QD4SV2;
				ENABLE_HARDENED_RUNTIME = YES;
				ENABLE_PREVIEWS = YES;
				GENERATE_INFOPLIST_FILE = YES;
				INFOPLIST_KEY_NSAppleMusicUsageDescription = "Io needs access to Apple Music to help you discover.";
				"INFOPLIST_KEY_UIApplicationSceneManifest_Generation[sdk=iphoneos*]" = YES;
				"INFOPLIST_KEY_UIApplicationSceneManifest_Generation[sdk=iphonesimulator*]" = YES;
				"INFOPLIST_KEY_UIApplicationSupportsIndirectInputEvents[sdk=iphoneos*]" = YES;
				"INFOPLIST_KEY_UIApplicationSupportsIndirectInputEvents[sdk=iphonesimulator*]" = YES;
				"INFOPLIST_KEY_UILaunchScreen_Generation[sdk=iphoneos*]" = YES;
				"INFOPLIST_KEY_UILaunchScreen_Generation[sdk=iphonesimulator*]" = YES;
				"INFOPLIST_KEY_UIStatusBarStyle[sdk=iphoneos*]" = UIStatusBarStyleDefault;
				"INFOPLIST_KEY_UIStatusBarStyle[sdk=iphonesimulator*]" = UIStatusBarStyleDefault;
				INFOPLIST_KEY_UISupportedInterfaceOrientations_iPad = "UIInterfaceOrientationPortrait UIInterfaceOrientationPortraitUpsideDown UIInterfaceOrientationLandscapeLeft UIInterfaceOrientationLandscapeRight";
				INFOPLIST_KEY_UISupportedInterfaceOrientations_iPhone = "UIInterfaceOrientationPortrait UIInterfaceOrientationLandscapeLeft UIInterfaceOrientationLandscapeRight";
				IPHONEOS_DEPLOYMENT_TARGET = 17.4;
				LD_RUNPATH_SEARCH_PATHS = "@executable_path/Frameworks";
				"LD_RUNPATH_SEARCH_PATHS[sdk=macosx*]" = "@executable_path/../Frameworks";
				MACOSX_DEPLOYMENT_TARGET = 14.4;
				MARKETING_VERSION = 1.0;
				PRODUCT_BUNDLE_IDENTIFIER = "Carson-Gross.Io";
				PRODUCT_NAME = "$(TARGET_NAME)";
				SDKROOT = auto;
				SUPPORTED_PLATFORMS = "iphoneos iphonesimulator xros xrsimulator";
				SUPPORTS_MACCATALYST = NO;
				SUPPORTS_MAC_DESIGNED_FOR_IPHONE_IPAD = NO;
				SWIFT_EMIT_LOC_STRINGS = YES;
				SWIFT_VERSION = 5.0;
				TARGETED_DEVICE_FAMILY = "1,2,7";
			};
			name = Release;
		};
/* End XCBuildConfiguration section */

/* Begin XCConfigurationList section */
		B8B32C542BB9FC1B005587DC /* Build configuration list for PBXProject "Io" */ = {
			isa = XCConfigurationList;
			buildConfigurations = (
				B8B32C662BB9FC1C005587DC /* Debug */,
				B8B32C672BB9FC1C005587DC /* Release */,
			);
			defaultConfigurationIsVisible = 0;
			defaultConfigurationName = Release;
		};
		B8B32C682BB9FC1C005587DC /* Build configuration list for PBXNativeTarget "Io" */ = {
			isa = XCConfigurationList;
			buildConfigurations = (
				B8B32C692BB9FC1C005587DC /* Debug */,
				B8B32C6A2BB9FC1C005587DC /* Release */,
			);
			defaultConfigurationIsVisible = 0;
			defaultConfigurationName = Release;
		};
/* End XCConfigurationList section */
	};
	rootObject = B8B32C512BB9FC1B005587DC /* Project object */;
}
